
Microsoft Visual Studio Solution File, Format Version 12.00
# Visual Studio 14
VisualStudioVersion = 14.0.25123.0
MinimumVisualStudioVersion = 10.0.40219.1
Project("{FAE04EC0-301F-11D3-BF4B-00C04F79EFBC}") = "Dulo", "Dulo\Dulo\Dulo.csproj", "{755CD08B-EF69-4FE1-92AF-436B94FD79AC}"
EndProject
Project("{FAE04EC0-301F-11D3-BF4B-00C04F79EFBC}") = "DuloContent", "Dulo\DuloContent\DuloContent.contentproj", "{9C0642AB-AA1D-4E2F-9976-1A708AAFD038}"
EndProject
Project("{FAE04EC0-301F-11D3-BF4B-00C04F79EFBC}") = "Dulo.BaseModels", "Dulo.BaseModels\Dulo.BaseModels.csproj", "{637AD84F-7C9B-480E-A43F-9C1C5D0A91A6}"
EndProject
Project("{FAE04EC0-301F-11D3-BF4B-00C04F79EFBC}") = "Dulo.GameObjects", "Dulo.GameObjects\Dulo.GameObjects.csproj", "{24234D9A-1FCC-48E8-A5A9-73C929219982}"
EndProject
Project("{FAE04EC0-301F-11D3-BF4B-00C04F79EFBC}") = "Dulo.InputModel", "Dulo.InputModel\Dulo.InputModel.csproj", "{04D182E3-3C35-4845-903C-31D5B567ED9E}"
EndProject
Project("{FAE04EC0-301F-11D3-BF4B-00C04F79EFBC}") = "Farseer Physics XNA", "Farseer Physics Engine 3.5\Farseer Physics XNA.csproj", "{0A850700-1ABB-4288-A391-6726B90EBEB9}"
EndProject
Project("{FAE04EC0-301F-11D3-BF4B-00C04F79EFBC}") = "FarseerGame", "FarseerGame\FarseerGame.csproj", "{C9D2D4F1-AC85-45F4-B71A-28BB81AD382D}"
EndProject
Project("{FAE04EC0-301F-11D3-BF4B-00C04F79EFBC}") = "Dulo.BasisModels", "Dulo.BasisModels\Dulo.BasisModels.csproj", "{4FEE2FCE-158F-481D-ADD6-E816F20F2D9F}"
EndProject
Global
	GlobalSection(SolutionConfigurationPlatforms) = preSolution
		Debug|x86 = Debug|x86
		Release|x86 = Release|x86
	EndGlobalSection
	GlobalSection(ProjectConfigurationPlatforms) = postSolution
		{755CD08B-EF69-4FE1-92AF-436B94FD79AC}.Debug|x86.ActiveCfg = Debug|x86
		{755CD08B-EF69-4FE1-92AF-436B94FD79AC}.Debug|x86.Build.0 = Debug|x86
		{755CD08B-EF69-4FE1-92AF-436B94FD79AC}.Release|x86.ActiveCfg = Release|x86
		{755CD08B-EF69-4FE1-92AF-436B94FD79AC}.Release|x86.Build.0 = Release|x86
		{9C0642AB-AA1D-4E2F-9976-1A708AAFD038}.Debug|x86.ActiveCfg = Debug|x86
		{9C0642AB-AA1D-4E2F-9976-1A708AAFD038}.Release|x86.ActiveCfg = Release|x86
		{637AD84F-7C9B-480E-A43F-9C1C5D0A91A6}.Debug|x86.ActiveCfg = Debug|x86
		{637AD84F-7C9B-480E-A43F-9C1C5D0A91A6}.Debug|x86.Build.0 = Debug|x86
		{637AD84F-7C9B-480E-A43F-9C1C5D0A91A6}.Release|x86.ActiveCfg = Release|x86
		{637AD84F-7C9B-480E-A43F-9C1C5D0A91A6}.Release|x86.Build.0 = Release|x86
		{24234D9A-1FCC-48E8-A5A9-73C929219982}.Debug|x86.ActiveCfg = Debug|x86
		{24234D9A-1FCC-48E8-A5A9-73C929219982}.Debug|x86.Build.0 = Debug|x86
		{24234D9A-1FCC-48E8-A5A9-73C929219982}.Release|x86.ActiveCfg = Release|x86
		{24234D9A-1FCC-48E8-A5A9-73C929219982}.Release|x86.Build.0 = Release|x86
		{04D182E3-3C35-4845-903C-31D5B567ED9E}.Debug|x86.ActiveCfg = Debug|x86
		{04D182E3-3C35-4845-903C-31D5B567ED9E}.Debug|x86.Build.0 = Debug|x86
		{04D182E3-3C35-4845-903C-31D5B567ED9E}.Release|x86.ActiveCfg = Release|x86
		{04D182E3-3C35-4845-903C-31D5B567ED9E}.Release|x86.Build.0 = Release|x86
		{0A850700-1ABB-4288-A391-6726B90EBEB9}.Debug|x86.ActiveCfg = Debug|x86
		{0A850700-1ABB-4288-A391-6726B90EBEB9}.Debug|x86.Build.0 = Debug|x86
		{0A850700-1ABB-4288-A391-6726B90EBEB9}.Release|x86.ActiveCfg = Release|x86
		{0A850700-1ABB-4288-A391-6726B90EBEB9}.Release|x86.Build.0 = Release|x86
		{C9D2D4F1-AC85-45F4-B71A-28BB81AD382D}.Debug|x86.ActiveCfg = Debug|x86
		{C9D2D4F1-AC85-45F4-B71A-28BB81AD382D}.Debug|x86.Build.0 = Debug|x86
		{C9D2D4F1-AC85-45F4-B71A-28BB81AD382D}.Release|x86.ActiveCfg = Release|x86
		{C9D2D4F1-AC85-45F4-B71A-28BB81AD382D}.Release|x86.Build.0 = Release|x86
		{4FEE2FCE-158F-481D-ADD6-E816F20F2D9F}.Debug|x86.ActiveCfg = Debug|x86
		{4FEE2FCE-158F-481D-ADD6-E816F20F2D9F}.Debug|x86.Build.0 = Debug|x86
		{4FEE2FCE-158F-481D-ADD6-E816F20F2D9F}.Release|x86.ActiveCfg = Release|x86
		{4FEE2FCE-158F-481D-ADD6-E816F20F2D9F}.Release|x86.Build.0 = Release|x86
	EndGlobalSection
	GlobalSection(SolutionProperties) = preSolution
		HideSolutionNode = FALSE
	EndGlobalSection
EndGlobal
